hash: fecd71da97a76be6a458d1d0e8a1e37f137bb9999dfffb8a611dd95e4741615d
updated: 2018-03-02T15:09:09.010606-08:00
imports:
- name: github.com/apache/thrift
  version: 53dd39833a08ce33582e5ff31fa18bb4735d6731
  subpackages:
  - lib/go/thrift
- name: github.com/benbjohnson/clock
  version: 7dc76406b6d3c05b5f71a86293cbcf3c4ea03b19
- name: github.com/beorn7/perks
  version: 4c0e84591b9aa9e6dcfdf3e020114cd81f89d5f9
  subpackages:
  - quantile
- name: github.com/bsm/sarama-cluster
  version: 3001c2453136632aa3219a58ea3795bb584b83b5
- name: github.com/cactus/go-statsd-client
  version: 138b925ccdf617776955904ba7759fce64406cec
  subpackages:
  - statsd
- name: github.com/davecgh/go-spew
  version: 8991bc29aa16c548c550c7ff78260e27b9ab7c73
  subpackages:
  - spew
- name: github.com/dgryski/go-farm
  version: 2de33835d10275975374b37b2dcfd22c9020a1f5
- name: github.com/eapache/go-resiliency
  version: ef9aaa7ea8bd2448429af1a77cf41b2b3b34bdd6
  subpackages:
  - breaker
- name: github.com/eapache/go-xerial-snappy
  version: bb955e01b9346ac19dc29eb16586c90ded99a98c
- name: github.com/eapache/queue
  version: 093482f3f8ce946c05bcba64badd2c82369e084d
- name: github.com/emirpasic/gods
  version: b2394dfbb6314eeb616db55d1e01928f287da4b4
  subpackages:
  - containers
  - maps
  - maps/treemap
  - trees
  - trees/redblacktree
  - utils
- name: github.com/facebookgo/clock
  version: 600d898af40aa09a7a93ecb9265d87b0504b6f03
- name: github.com/fatih/color
  version: 507f6050b8568533fb3f5504de8e5205fa62a114
- name: github.com/gocql/gocql
  version: 2e9f2912ba58e37f34af3554659b576eac655760
  subpackages:
  - internal/lru
  - internal/murmur
  - internal/streams
- name: github.com/golang/mock
  version: 13f360950a79f5864a972c786a10a50e44b69541
  subpackages:
  - gomock
- name: github.com/golang/protobuf
  version: 925541529c1fa6821df4e44ce2723319eb2be768
  subpackages:
  - proto
- name: github.com/golang/snappy
  version: 553a641470496b2327abcac10b36396bd98e45c9
- name: github.com/hailocab/go-hostpool
  version: e80d13ce29ede4452c43dea11e79b9bc8a15b478
- name: github.com/mattn/go-colorable
  version: 7dc3415be66d7cc68bf0182f35c8d31f8d2ad8a7
- name: github.com/mattn/go-isatty
  version: 6ca4dbf54d38eea1a992b3c722a76a5d1c4cb25c
- name: github.com/mattn/go-runewidth
  version: 97311d9f7767e3d6f422ea06661bc2c7a19e8a5d
- name: github.com/matttproud/golang_protobuf_extensions
  version: c12348ce28de40eed0136aa2b644d0ee0650e56c
  subpackages:
  - pbutil
- name: github.com/olekukonko/tablewriter
  version: b8a9be070da40449e501c3c4730a889e42d87a9e
- name: github.com/opentracing/opentracing-go
  version: 1949ddbfd147afd4d964a9f00b24eb291e0e7c38
  subpackages:
  - ext
  - log
- name: github.com/pborman/uuid
  version: c65b2f87fee37d1c7854c9164a450713c28d50cd
- name: github.com/pierrec/lz4
  version: ed8d4cc3b461464e69798080a0092bd028910298
- name: github.com/pierrec/xxHash
  version: a0006b13c722f7f12368c00a3d3c2ae8a999a0c6
  subpackages:
  - xxHash32
- name: github.com/pmezard/go-difflib
  version: 792786c7400a136282c1664665ae0a8db921c6c2
  subpackages:
  - difflib
- name: github.com/prometheus/client_golang
  version: c5b7fccd204277076155f10851dad72b76a49317
  subpackages:
  - prometheus
  - prometheus/promhttp
- name: github.com/prometheus/client_model
  version: 99fa1f4be8e564e8a6b613da7fa6f46c9edafc6c
  subpackages:
  - go
- name: github.com/prometheus/common
  version: 6fb6fce6f8b75884b92e1889c150403fc0872c5e
  subpackages:
  - expfmt
  - internal/bitbucket.org/ww/goautoneg
  - model
- name: github.com/prometheus/procfs
  version: d274e363d5759d1c916232217be421f1cc89c5fe
  subpackages:
  - internal/util
  - nfs
  - xfs
- name: github.com/rcrowley/go-metrics
  version: 8732c616f52954686704c8645fe1a9d59e9df7c1
- name: github.com/Shopify/sarama
  version: eae91468c24263f06ae73dce45eb26252c73b1d6
- name: github.com/sirupsen/logrus
  version: f4ee69125072b22721efbe639bd0da9c9d19b8cc
- name: github.com/stretchr/objx
  version: 8a3f7159479fbc75b30357fbc48f380b7320f08e
- name: github.com/stretchr/testify
  version: be8372ae8ec5c6daaed3cc28ebf73c54b737c240
  subpackages:
  - assert
  - mock
  - require
  - suite
- name: github.com/uber-common/bark
  version: dbf558e8a7b65e2b54e1e01c14ee0e4207a865f5
- name: github.com/uber-go/atomic
  version: 8474b86a5a6f79c443ce4b2992817ff32cf208b8
  subpackages:
  - utils
- name: github.com/uber-go/kafka-client
  version: 01a7eeb4f9ea6e4c16a6ec5d159076c88244c947
  subpackages:
  - internal/consumer
  - internal/list
  - internal/metrics
  - internal/util
  - kafka
- name: github.com/uber-go/mapdecode
  version: 718b4994083e432669f44a00174c5f1bcdb1434d
  subpackages:
  - internal/mapstructure
- name: github.com/uber-go/tally
  version: 522328b48efad0c6034dba92bf39228694e9d31f
  subpackages:
  - m3
  - m3/customtransports
  - m3/thrift
  - m3/thriftudp
  - statsd
- name: github.com/uber/ringpop-go
  version: 08d399785ee54fdae8e4bd8b7b481673f52739cc
  subpackages:
  - discovery
  - discovery/jsonfile
  - discovery/statichosts
  - events
  - forward
  - hashring
  - logging
  - membership
  - shared
  - swim
  - util
- name: github.com/uber/tchannel-go
  version: acd4eb54c11531814d9cd0344fdc53bebe86ab12
  subpackages:
  - internal/argreader
  - json
  - raw
  - relay
  - thrift
  - thrift/gen-go/meta
  - thrift/thrift-gen
  - tnet
  - tos
  - trand
  - typed
- name: github.com/urfave/cli
  version: 8e01ec4cd3e2d84ab2fe90d8210528ffbb06d8ff
- name: go.uber.org/atomic
  version: 8474b86a5a6f79c443ce4b2992817ff32cf208b8
- name: go.uber.org/cadence
  version: c589fb8cbc2ec41f0e620ec2ccb87497d9d8bada
  subpackages:
  - .gen/go/cadence
  - .gen/go/cadence/workflowserviceclient
  - .gen/go/cadence/workflowservicetest
  - .gen/go/shared
  - client
  - encoded
  - internal
  - internal/common
  - internal/common/backoff
  - internal/common/cache
  - internal/common/metrics
  - internal/common/util
  - workflow
- name: go.uber.org/multierr
  version: 3c4937480c32f4c13a875a1829af76c98ca3d40a
- name: go.uber.org/net/metrics
  version: 1e19de5b971489a45d178e12a0f72a78c70e300e
  subpackages:
  - bucket
  - push
  - tallypush
- name: go.uber.org/thriftrw
  version: 6216e5bb19132c14e979cf9c62abae6f022a0c0d
  subpackages:
  - envelope
  - internal/envelope/exception
  - protocol
  - protocol/binary
  - thriftreflect
  - version
  - wire
- name: go.uber.org/yarpc
  version: 112080bb21323a681a9b269fa7b5a1489558aab0
  subpackages:
  - api/backoff
  - api/encoding
  - api/middleware
  - api/peer
  - api/transport
  - encoding/thrift
  - encoding/thrift/internal
  - encoding/thrift/thriftrw-plugin-yarpc
  - internal
  - internal/backoff
  - internal/bufferpool
  - internal/config
  - internal/digester
  - internal/errorsync
  - internal/humanize
  - internal/inboundmiddleware
  - internal/interpolate
  - internal/introspection
  - internal/iopool
  - internal/observability
  - internal/outboundmiddleware
  - internal/request
  - internal/yarpcerrors
  - peer
  - peer/hostport
  - pkg/encoding
  - pkg/errors
  - pkg/lifecycle
  - pkg/procedure
  - transport/http
  - transport/tchannel
  - transport/tchannel/internal
  - yarpcconfig
  - yarpcerrors
- name: go.uber.org/zap
  version: 35aad584952c3e7020db7b839f6b102de6271f89
  subpackages:
  - buffer
  - internal/bufferpool
  - internal/color
  - internal/exit
  - zapcore
- name: golang.org/x/crypto
  version: 91a49db82a88618983a78a06c1cbd4e00ab749ab
  subpackages:
  - ssh/terminal
- name: golang.org/x/net
  version: 22ae77b79946ea320088417e4d50825671d82d57
  repo: https://github.com/golang/net
  subpackages:
  - bpf
  - context
  - internal/iana
  - internal/socket
  - ipv4
  - ipv6
- name: golang.org/x/sys
  version: dd2ff4accc098aceecb86b36eaa7829b2a17b1c9
  repo: https://github.com/golang/sys
  subpackages:
  - unix
  - windows
- name: golang.org/x/time
  version: 6dc17368e09b0e8634d71cac8168d853e869a0c7
  subpackages:
  - rate
- name: gopkg.in/inf.v0
  version: 3887ee99ecf07df5b447e9b00d9c0b2adaa9f3e4
- name: gopkg.in/validator.v2
  version: 59c90c7046f643cbe0d4e7c8776c42a84ce75910
- name: gopkg.in/yaml.v2
  version: 7f97868eec74b32b0982dd158a51a446d1da7eb5
testImports: []
