# This file is autogenerated, do not edit; changes may be undone by the next 'dep ensure'.


[[projects]]
  name = "github.com/Shopify/sarama"
  packages = ["."]
  revision = "f7be6aa2bc7b2e38edf816b08b582782194a1c02"
  version = "v1.16.0"

[[projects]]
  name = "github.com/apache/thrift"
  packages = ["lib/go/thrift"]
  revision = "b2a4d4ae21c789b689dd162deb819665567f481c"
  version = "0.10.0"

[[projects]]
  branch = "master"
  name = "github.com/benbjohnson/clock"
  packages = ["."]
  revision = "7dc76406b6d3c05b5f71a86293cbcf3c4ea03b19"

[[projects]]
  name = "github.com/beorn7/perks"
  packages = ["quantile"]
  revision = "4c0e84591b9aa9e6dcfdf3e020114cd81f89d5f9"

[[projects]]
  name = "github.com/bsm/sarama-cluster"
  packages = ["."]
  revision = "3001c2453136632aa3219a58ea3795bb584b83b5"
  version = "v2.1.12"

[[projects]]
  name = "github.com/cactus/go-statsd-client"
  packages = ["statsd"]
  revision = "138b925ccdf617776955904ba7759fce64406cec"
  version = "v3.1.1"

[[projects]]
  name = "github.com/davecgh/go-spew"
  packages = ["spew"]
  revision = "04cdfd42973bb9c8589fd6a731800cf222fde1a9"

[[projects]]
  name = "github.com/dgryski/go-farm"
  packages = ["."]
  revision = "e2d0fe22b456fa0a35cd883ba355ecfcf1881490"

[[projects]]
  name = "github.com/eapache/go-resiliency"
  packages = ["breaker"]
  revision = "b1fe83b5b03f624450823b751b662259ffc6af70"

[[projects]]
  branch = "master"
  name = "github.com/eapache/go-xerial-snappy"
  packages = ["."]
  revision = "bb955e01b9346ac19dc29eb16586c90ded99a98c"

[[projects]]
  name = "github.com/eapache/queue"
  packages = ["."]
  revision = "44cc805cf13205b55f69e14bcb69867d1ae92f98"
  version = "v1.1.0"

[[projects]]
  name = "github.com/emirpasic/gods"
  packages = [
    "containers",
    "maps",
    "maps/treemap",
    "trees",
    "trees/redblacktree",
    "utils"
  ]
  revision = "f6c17b524822278a87e3b3bd809fec33b51f5b46"
  version = "v1.9.0"

[[projects]]
  branch = "master"
  name = "github.com/facebookgo/clock"
  packages = ["."]
  revision = "600d898af40aa09a7a93ecb9265d87b0504b6f03"

[[projects]]
  name = "github.com/fatih/color"
  packages = ["."]
  revision = "507f6050b8568533fb3f5504de8e5205fa62a114"
  version = "v1.6.0"

[[projects]]
  name = "github.com/gocql/gocql"
  packages = [
    ".",
    "internal/lru",
    "internal/murmur",
    "internal/streams"
  ]
  revision = "ca7d33956650d92d29e6db7fe901e23d0f0e3359"

[[projects]]
  name = "github.com/golang/mock"
  packages = ["gomock"]
  revision = "13f360950a79f5864a972c786a10a50e44b69541"
  version = "v1.0.0"

[[projects]]
  name = "github.com/golang/protobuf"
  packages = ["proto"]
  revision = "925541529c1fa6821df4e44ce2723319eb2be768"
  version = "v1.0.0"

[[projects]]
  branch = "master"
  name = "github.com/golang/snappy"
  packages = ["."]
  revision = "553a641470496b2327abcac10b36396bd98e45c9"

[[projects]]
  branch = "master"
  name = "github.com/hailocab/go-hostpool"
  packages = ["."]
  revision = "e80d13ce29ede4452c43dea11e79b9bc8a15b478"

[[projects]]
  name = "github.com/mattn/go-colorable"
  packages = ["."]
  revision = "167de6bfdfba052fa6b2d3664c8f5272e23c9072"
  version = "v0.0.9"

[[projects]]
  name = "github.com/mattn/go-isatty"
  packages = ["."]
  revision = "0360b2af4f38e8d38c7fce2a9f4e702702d73a39"
  version = "v0.0.3"

[[projects]]
  name = "github.com/mattn/go-runewidth"
  packages = ["."]
  revision = "97311d9f7767e3d6f422ea06661bc2c7a19e8a5d"

[[projects]]
  branch = "master"
  name = "github.com/matttproud/golang_protobuf_extensions"
  packages = ["pbutil"]
  revision = "c12348ce28de40eed0136aa2b644d0ee0650e56c"

[[projects]]
  name = "github.com/olekukonko/tablewriter"
  packages = ["."]
  revision = "b8a9be070da40449e501c3c4730a889e42d87a9e"

[[projects]]
  name = "github.com/opentracing/opentracing-go"
  packages = [
    ".",
    "ext",
    "log"
  ]
  revision = "1949ddbfd147afd4d964a9f00b24eb291e0e7c38"
  version = "v1.0.2"

[[projects]]
  name = "github.com/pborman/uuid"
  packages = ["."]
  revision = "e790cca94e6cc75c7064b1332e63811d4aae1a53"
  version = "v1.1"

[[projects]]
  name = "github.com/pierrec/lz4"
  packages = ["."]
  revision = "2fcda4cb7018ce05a25959d2fe08c83e3329f169"
  version = "v1.1"

[[projects]]
  branch = "master"
  name = "github.com/pierrec/xxHash"
  packages = ["xxHash32"]
  revision = "a0006b13c722f7f12368c00a3d3c2ae8a999a0c6"

[[projects]]
  name = "github.com/pmezard/go-difflib"
  packages = ["difflib"]
  revision = "d8ed2627bdf02c080bf22230dbb337003b7aba2d"

[[projects]]
  name = "github.com/prometheus/client_golang"
  packages = [
    "prometheus",
    "prometheus/promhttp"
  ]
  revision = "c5b7fccd204277076155f10851dad72b76a49317"
  version = "v0.8.0"

[[projects]]
  name = "github.com/prometheus/client_model"
  packages = ["go"]
  revision = "6f3806018612930941127f2a7c6c453ba2c527d2"

[[projects]]
  name = "github.com/prometheus/common"
  packages = [
    "expfmt",
    "internal/bitbucket.org/ww/goautoneg",
    "model"
  ]
  revision = "49fee292b27bfff7f354ee0f64e1bc4850462edf"

[[projects]]
  name = "github.com/prometheus/procfs"
  packages = [
    ".",
    "xfs"
  ]
  revision = "a1dba9ce8baed984a2495b658c82687f8157b98f"

[[projects]]
  name = "github.com/rcrowley/go-metrics"
  packages = ["."]
  revision = "1f30fe9094a513ce4c700b9a54458bbb0c96996c"

[[projects]]
  name = "github.com/sirupsen/logrus"
  packages = ["."]
  revision = "3d4380f53a34dcdc95f0c1db702615992b38d9a4"

[[projects]]
  name = "github.com/stretchr/objx"
  packages = ["."]
  revision = "cbeaeb16a013161a98496fad62933b1d21786672"

[[projects]]
  name = "github.com/stretchr/testify"
  packages = [
    "assert",
    "mock",
    "require",
    "suite"
  ]
  revision = "890a5c3458b43e6104ff5da8dfa139d013d77544"

[[projects]]
  name = "github.com/uber-common/bark"
  packages = ["."]
  revision = "dbf558e8a7b65e2b54e1e01c14ee0e4207a865f5"
  version = "v1.0.0"

[[projects]]
  name = "github.com/uber-go/atomic"
  packages = ["."]
  revision = "8474b86a5a6f79c443ce4b2992817ff32cf208b8"
  version = "v1.3.1"

[[projects]]
  name = "github.com/uber-go/kafka-client"
  packages = [
    ".",
    "internal/consumer",
    "internal/list",
    "internal/metrics",
    "internal/util",
    "kafka"
  ]
  revision = "01a7eeb4f9ea6e4c16a6ec5d159076c88244c947"

[[projects]]
  name = "github.com/uber-go/mapdecode"
  packages = [
    ".",
    "internal/mapstructure"
  ]
  revision = "718b4994083e432669f44a00174c5f1bcdb1434d"
  version = "v1.0.0"

[[projects]]
  name = "github.com/uber-go/tally"
  packages = [
    ".",
    "m3",
    "m3/customtransports",
    "m3/thrift",
    "m3/thriftudp",
    "statsd"
  ]
  revision = "522328b48efad0c6034dba92bf39228694e9d31f"
  version = "v3.3.2"

[[projects]]
  name = "github.com/uber/ringpop-go"
  packages = [
    ".",
    "discovery",
    "discovery/jsonfile",
    "discovery/statichosts",
    "events",
    "forward",
    "hashring",
    "logging",
    "membership",
    "shared",
    "swim",
    "util"
  ]
  revision = "08d399785ee54fdae8e4bd8b7b481673f52739cc"
  version = "v0.8.5"

[[projects]]
  name = "github.com/uber/tchannel-go"
  packages = [
    ".",
    "internal/argreader",
    "json",
    "raw",
    "relay",
    "thrift",
    "thrift/gen-go/meta",
    "tnet",
    "tos",
    "trand",
    "typed"
  ]
  revision = "acd4eb54c11531814d9cd0344fdc53bebe86ab12"
  version = "v1.9.0"

[[projects]]
  name = "github.com/urfave/cli"
  packages = ["."]
  revision = "cf33a9befefdd6c6ea1a236ab6d546e797a62cbf"

[[projects]]
  name = "go.uber.org/atomic"
  packages = ["."]
  revision = "8474b86a5a6f79c443ce4b2992817ff32cf208b8"
  version = "v1.3.1"

[[projects]]
  name = "go.uber.org/cadence"
  packages = [
    ".gen/go/cadence",
    ".gen/go/cadence/workflowserviceclient",
    ".gen/go/cadence/workflowservicetest",
    ".gen/go/shared",
    "client",
    "encoded",
    "internal",
    "internal/common",
    "internal/common/backoff",
    "internal/common/cache",
    "internal/common/metrics",
    "internal/common/util",
    "workflow"
  ]
  revision = "72dadb920be49baab8c6098638cb1822bfd6f2b8"
  version = "v0.6.1"

[[projects]]
  name = "go.uber.org/multierr"
  packages = ["."]
  revision = "3c4937480c32f4c13a875a1829af76c98ca3d40a"
  version = "v1.1.0"

[[projects]]
  name = "go.uber.org/net/metrics"
  packages = [
    ".",
    "bucket",
    "push",
    "tallypush"
  ]
  revision = "1e19de5b971489a45d178e12a0f72a78c70e300e"
  version = "v1.0.1"

[[projects]]
  name = "go.uber.org/thriftrw"
  packages = [
    "envelope",
    "internal/envelope/exception",
    "protocol",
    "protocol/binary",
    "thriftreflect",
    "version",
    "wire"
  ]
  revision = "6216e5bb19132c14e979cf9c62abae6f022a0c0d"
  version = "v1.10.0"

[[projects]]
  name = "go.uber.org/yarpc"
  packages = [
    ".",
    "api/backoff",
    "api/encoding",
    "api/middleware",
    "api/peer",
    "api/transport",
    "encoding/thrift",
    "encoding/thrift/internal",
    "internal",
    "internal/backoff",
    "internal/bufferpool",
    "internal/config",
    "internal/digester",
    "internal/errorsync",
    "internal/humanize",
    "internal/inboundmiddleware",
    "internal/interpolate",
    "internal/introspection",
    "internal/iopool",
    "internal/observability",
    "internal/outboundmiddleware",
    "internal/request",
    "internal/yarpcerrors",
    "peer",
    "peer/hostport",
    "pkg/encoding",
    "pkg/errors",
    "pkg/lifecycle",
    "pkg/procedure",
    "transport/tchannel",
    "transport/tchannel/internal",
    "yarpcconfig",
    "yarpcerrors"
  ]
  revision = "112080bb21323a681a9b269fa7b5a1489558aab0"
  version = "v1.27.2"

[[projects]]
  name = "go.uber.org/zap"
  packages = [
    ".",
    "buffer",
    "internal/bufferpool",
    "internal/color",
    "internal/exit",
    "zapcore"
  ]
  revision = "35aad584952c3e7020db7b839f6b102de6271f89"
  version = "v1.7.1"

[[projects]]
  branch = "master"
  name = "golang.org/x/net"
  packages = [
    "bpf",
    "context",
    "internal/iana",
    "internal/socket",
    "ipv4",
    "ipv6"
  ]
  revision = "ab555f366c4508dbe0802550b1b20c46c5c18aa0"
  source = "https://github.com/golang/net"

[[projects]]
  name = "golang.org/x/sys"
  packages = ["unix"]
  revision = "9a7256cb28ed514b4e1e5f68959914c4c28a92e0"

[[projects]]
  name = "golang.org/x/time"
  packages = ["rate"]
  revision = "6dc17368e09b0e8634d71cac8168d853e869a0c7"

[[projects]]
  name = "gopkg.in/inf.v0"
  packages = ["."]
  revision = "3887ee99ecf07df5b447e9b00d9c0b2adaa9f3e4"
  version = "v0.9.0"

[[projects]]
  name = "gopkg.in/validator.v2"
  packages = ["."]
  revision = "07ffaad256c8e957050ad83d6472eb97d785013d"

[[projects]]
  name = "gopkg.in/yaml.v2"
  packages = ["."]
  revision = "eb3733d160e74a9c7e442f435eb3bea458e1d19f"

[solve-meta]
  analyzer-name = "dep"
  analyzer-version = 1
  inputs-digest = "319f364ede20eb85399d5775d63cd2d6dfc7e021df4342f0f82f395abf8c946f"
  solver-name = "gps-cdcl"
  solver-version = 1
